
Microsoft Visual Studio Solution File, Format Version 12.00
# Visual Studio 15
VisualStudioVersion = 15.0.27703.1
MinimumVisualStudioVersion = 10.0.40219.1
Project("{FAE04EC0-301F-11D3-BF4B-00C04F79EFBC}") = "AnimationsBasic.Android", "AnimationsBasic\AnimationsBasic.Android\AnimationsBasic.Android.csproj", "{CD4ECFBC-46FB-46D0-9731-07258AC3C453}"
EndProject
Project("{FAE04EC0-301F-11D3-BF4B-00C04F79EFBC}") = "AnimationsBasic.iOS", "AnimationsBasic\AnimationsBasic.iOS\AnimationsBasic.iOS.csproj", "{8EA1115E-0049-468C-91B3-B90C43DA52C0}"
EndProject
Project("{9A19103F-16F7-4668-BE54-9A1E7A4F7556}") = "AnimationsBasic", "AnimationsBasic\AnimationsBasic\AnimationsBasic.csproj", "{179F7734-027C-42D7-BB35-C6CBF1438097}"
EndProject
Project("{2150E333-8FDC-42A3-9474-1A3956D46DE8}") = "Second Part", "Second Part", "{5899D963-7B15-4BD7-9378-B2BFD481DEDD}"
EndProject
Project("{FAE04EC0-301F-11D3-BF4B-00C04F79EFBC}") = "SecondPart.Android", "SecondPart\SecondPart.Android\SecondPart.Android.csproj", "{DFBD2C52-DA0A-476E-A0DF-DADAEEBFBF4A}"
EndProject
Project("{FAE04EC0-301F-11D3-BF4B-00C04F79EFBC}") = "SecondPart.iOS", "SecondPart\SecondPart.iOS\SecondPart.iOS.csproj", "{CCADBC1F-6DB5-417C-A3D3-C630EF84079E}"
EndProject
Project("{FAE04EC0-301F-11D3-BF4B-00C04F79EFBC}") = "SecondPart", "SecondPart\SecondPart\SecondPart.csproj", "{D3B1D57F-353F-42F0-9625-9990A195BD0E}"
EndProject
Project("{2150E333-8FDC-42A3-9474-1A3956D46DE8}") = "First Part", "First Part", "{907B8394-60F3-429E-909A-9B1DCC5A826D}"
EndProject
Global
	GlobalSection(SolutionConfigurationPlatforms) = preSolution
		Ad-Hoc|Any CPU = Ad-Hoc|Any CPU
		Ad-Hoc|iPhone = Ad-Hoc|iPhone
		Ad-Hoc|iPhoneSimulator = Ad-Hoc|iPhoneSimulator
		AppStore|Any CPU = AppStore|Any CPU
		AppStore|iPhone = AppStore|iPhone
		AppStore|iPhoneSimulator = AppStore|iPhoneSimulator
		Debug|Any CPU = Debug|Any CPU
		Debug|iPhone = Debug|iPhone
		Debug|iPhoneSimulator = Debug|iPhoneSimulator
		Release|Any CPU = Release|Any CPU
		Release|iPhone = Release|iPhone
		Release|iPhoneSimulator = Release|iPhoneSimulator
	EndGlobalSection
	GlobalSection(ProjectConfigurationPlatforms) = postSolution
		{CD4ECFBC-46FB-46D0-9731-07258AC3C453}.Ad-Hoc|Any CPU.ActiveCfg = Release|Any CPU
		{CD4ECFBC-46FB-46D0-9731-07258AC3C453}.Ad-Hoc|Any CPU.Build.0 = Release|Any CPU
		{CD4ECFBC-46FB-46D0-9731-07258AC3C453}.Ad-Hoc|Any CPU.Deploy.0 = Release|Any CPU
		{CD4ECFBC-46FB-46D0-9731-07258AC3C453}.Ad-Hoc|iPhone.ActiveCfg = Release|Any CPU
		{CD4ECFBC-46FB-46D0-9731-07258AC3C453}.Ad-Hoc|iPhone.Build.0 = Release|Any CPU
		{CD4ECFBC-46FB-46D0-9731-07258AC3C453}.Ad-Hoc|iPhone.Deploy.0 = Release|Any CPU
		{CD4ECFBC-46FB-46D0-9731-07258AC3C453}.Ad-Hoc|iPhoneSimulator.ActiveCfg = Release|Any CPU
		{CD4ECFBC-46FB-46D0-9731-07258AC3C453}.Ad-Hoc|iPhoneSimulator.Build.0 = Release|Any CPU
		{CD4ECFBC-46FB-46D0-9731-07258AC3C453}.Ad-Hoc|iPhoneSimulator.Deploy.0 = Release|Any CPU
		{CD4ECFBC-46FB-46D0-9731-07258AC3C453}.AppStore|Any CPU.ActiveCfg = Release|Any CPU
		{CD4ECFBC-46FB-46D0-9731-07258AC3C453}.AppStore|Any CPU.Build.0 = Release|Any CPU
		{CD4ECFBC-46FB-46D0-9731-07258AC3C453}.AppStore|Any CPU.Deploy.0 = Release|Any CPU
		{CD4ECFBC-46FB-46D0-9731-07258AC3C453}.AppStore|iPhone.ActiveCfg = Release|Any CPU
		{CD4ECFBC-46FB-46D0-9731-07258AC3C453}.AppStore|iPhone.Build.0 = Release|Any CPU
		{CD4ECFBC-46FB-46D0-9731-07258AC3C453}.AppStore|iPhone.Deploy.0 = Release|Any CPU
		{CD4ECFBC-46FB-46D0-9731-07258AC3C453}.AppStore|iPhoneSimulator.ActiveCfg = Release|Any CPU
		{CD4ECFBC-46FB-46D0-9731-07258AC3C453}.AppStore|iPhoneSimulator.Build.0 = Release|Any CPU
		{CD4ECFBC-46FB-46D0-9731-07258AC3C453}.AppStore|iPhoneSimulator.Deploy.0 = Release|Any CPU
		{CD4ECFBC-46FB-46D0-9731-07258AC3C453}.Debug|Any CPU.ActiveCfg = Debug|Any CPU
		{CD4ECFBC-46FB-46D0-9731-07258AC3C453}.Debug|Any CPU.Build.0 = Debug|Any CPU
		{CD4ECFBC-46FB-46D0-9731-07258AC3C453}.Debug|Any CPU.Deploy.0 = Debug|Any CPU
		{CD4ECFBC-46FB-46D0-9731-07258AC3C453}.Debug|iPhone.ActiveCfg = Debug|Any CPU
		{CD4ECFBC-46FB-46D0-9731-07258AC3C453}.Debug|iPhone.Build.0 = Debug|Any CPU
		{CD4ECFBC-46FB-46D0-9731-07258AC3C453}.Debug|iPhone.Deploy.0 = Debug|Any CPU
		{CD4ECFBC-46FB-46D0-9731-07258AC3C453}.Debug|iPhoneSimulator.ActiveCfg = Debug|Any CPU
		{CD4ECFBC-46FB-46D0-9731-07258AC3C453}.Debug|iPhoneSimulator.Build.0 = Debug|Any CPU
		{CD4ECFBC-46FB-46D0-9731-07258AC3C453}.Debug|iPhoneSimulator.Deploy.0 = Debug|Any CPU
		{CD4ECFBC-46FB-46D0-9731-07258AC3C453}.Release|Any CPU.ActiveCfg = Release|Any CPU
		{CD4ECFBC-46FB-46D0-9731-07258AC3C453}.Release|Any CPU.Build.0 = Release|Any CPU
		{CD4ECFBC-46FB-46D0-9731-07258AC3C453}.Release|Any CPU.Deploy.0 = Release|Any CPU
		{CD4ECFBC-46FB-46D0-9731-07258AC3C453}.Release|iPhone.ActiveCfg = Release|Any CPU
		{CD4ECFBC-46FB-46D0-9731-07258AC3C453}.Release|iPhone.Build.0 = Release|Any CPU
		{CD4ECFBC-46FB-46D0-9731-07258AC3C453}.Release|iPhone.Deploy.0 = Release|Any CPU
		{CD4ECFBC-46FB-46D0-9731-07258AC3C453}.Release|iPhoneSimulator.ActiveCfg = Release|Any CPU
		{CD4ECFBC-46FB-46D0-9731-07258AC3C453}.Release|iPhoneSimulator.Build.0 = Release|Any CPU
		{CD4ECFBC-46FB-46D0-9731-07258AC3C453}.Release|iPhoneSimulator.Deploy.0 = Release|Any CPU
		{8EA1115E-0049-468C-91B3-B90C43DA52C0}.Ad-Hoc|Any CPU.ActiveCfg = Ad-Hoc|iPhone
		{8EA1115E-0049-468C-91B3-B90C43DA52C0}.Ad-Hoc|Any CPU.Build.0 = Ad-Hoc|iPhone
		{8EA1115E-0049-468C-91B3-B90C43DA52C0}.Ad-Hoc|Any CPU.Deploy.0 = Ad-Hoc|iPhone
		{8EA1115E-0049-468C-91B3-B90C43DA52C0}.Ad-Hoc|iPhone.ActiveCfg = Ad-Hoc|iPhone
		{8EA1115E-0049-468C-91B3-B90C43DA52C0}.Ad-Hoc|iPhone.Build.0 = Ad-Hoc|iPhone
		{8EA1115E-0049-468C-91B3-B90C43DA52C0}.Ad-Hoc|iPhone.Deploy.0 = Ad-Hoc|iPhone
		{8EA1115E-0049-468C-91B3-B90C43DA52C0}.Ad-Hoc|iPhoneSimulator.ActiveCfg = Ad-Hoc|iPhoneSimulator
		{8EA1115E-0049-468C-91B3-B90C43DA52C0}.Ad-Hoc|iPhoneSimulator.Build.0 = Ad-Hoc|iPhoneSimulator
		{8EA1115E-0049-468C-91B3-B90C43DA52C0}.Ad-Hoc|iPhoneSimulator.Deploy.0 = Ad-Hoc|iPhoneSimulator
		{8EA1115E-0049-468C-91B3-B90C43DA52C0}.AppStore|Any CPU.ActiveCfg = AppStore|iPhone
		{8EA1115E-0049-468C-91B3-B90C43DA52C0}.AppStore|Any CPU.Build.0 = AppStore|iPhone
		{8EA1115E-0049-468C-91B3-B90C43DA52C0}.AppStore|Any CPU.Deploy.0 = AppStore|iPhone
		{8EA1115E-0049-468C-91B3-B90C43DA52C0}.AppStore|iPhone.ActiveCfg = AppStore|iPhone
		{8EA1115E-0049-468C-91B3-B90C43DA52C0}.AppStore|iPhone.Build.0 = AppStore|iPhone
		{8EA1115E-0049-468C-91B3-B90C43DA52C0}.AppStore|iPhone.Deploy.0 = AppStore|iPhone
		{8EA1115E-0049-468C-91B3-B90C43DA52C0}.AppStore|iPhoneSimulator.ActiveCfg = AppStore|iPhoneSimulator
		{8EA1115E-0049-468C-91B3-B90C43DA52C0}.AppStore|iPhoneSimulator.Build.0 = AppStore|iPhoneSimulator
		{8EA1115E-0049-468C-91B3-B90C43DA52C0}.AppStore|iPhoneSimulator.Deploy.0 = AppStore|iPhoneSimulator
		{8EA1115E-0049-468C-91B3-B90C43DA52C0}.Debug|Any CPU.ActiveCfg = Debug|iPhoneSimulator
		{8EA1115E-0049-468C-91B3-B90C43DA52C0}.Debug|Any CPU.Build.0 = Debug|iPhoneSimulator
		{8EA1115E-0049-468C-91B3-B90C43DA52C0}.Debug|Any CPU.Deploy.0 = Debug|iPhoneSimulator
		{8EA1115E-0049-468C-91B3-B90C43DA52C0}.Debug|iPhone.ActiveCfg = Debug|iPhone
		{8EA1115E-0049-468C-91B3-B90C43DA52C0}.Debug|iPhone.Build.0 = Debug|iPhone
		{8EA1115E-0049-468C-91B3-B90C43DA52C0}.Debug|iPhone.Deploy.0 = Debug|iPhone
		{8EA1115E-0049-468C-91B3-B90C43DA52C0}.Debug|iPhoneSimulator.ActiveCfg = Debug|iPhoneSimulator
		{8EA1115E-0049-468C-91B3-B90C43DA52C0}.Debug|iPhoneSimulator.Build.0 = Debug|iPhoneSimulator
		{8EA1115E-0049-468C-91B3-B90C43DA52C0}.Debug|iPhoneSimulator.Deploy.0 = Debug|iPhoneSimulator
		{8EA1115E-0049-468C-91B3-B90C43DA52C0}.Release|Any CPU.ActiveCfg = Release|iPhone
		{8EA1115E-0049-468C-91B3-B90C43DA52C0}.Release|Any CPU.Build.0 = Release|iPhone
		{8EA1115E-0049-468C-91B3-B90C43DA52C0}.Release|Any CPU.Deploy.0 = Release|iPhone
		{8EA1115E-0049-468C-91B3-B90C43DA52C0}.Release|iPhone.ActiveCfg = Release|iPhone
		{8EA1115E-0049-468C-91B3-B90C43DA52C0}.Release|iPhone.Build.0 = Release|iPhone
		{8EA1115E-0049-468C-91B3-B90C43DA52C0}.Release|iPhone.Deploy.0 = Release|iPhone
		{8EA1115E-0049-468C-91B3-B90C43DA52C0}.Release|iPhoneSimulator.ActiveCfg = Release|iPhoneSimulator
		{8EA1115E-0049-468C-91B3-B90C43DA52C0}.Release|iPhoneSimulator.Build.0 = Release|iPhoneSimulator
		{8EA1115E-0049-468C-91B3-B90C43DA52C0}.Release|iPhoneSimulator.Deploy.0 = Release|iPhoneSimulator
		{179F7734-027C-42D7-BB35-C6CBF1438097}.Ad-Hoc|Any CPU.ActiveCfg = Debug|Any CPU
		{179F7734-027C-42D7-BB35-C6CBF1438097}.Ad-Hoc|Any CPU.Build.0 = Debug|Any CPU
		{179F7734-027C-42D7-BB35-C6CBF1438097}.Ad-Hoc|Any CPU.Deploy.0 = Debug|Any CPU
		{179F7734-027C-42D7-BB35-C6CBF1438097}.Ad-Hoc|iPhone.ActiveCfg = Debug|Any CPU
		{179F7734-027C-42D7-BB35-C6CBF1438097}.Ad-Hoc|iPhone.Build.0 = Debug|Any CPU
		{179F7734-027C-42D7-BB35-C6CBF1438097}.Ad-Hoc|iPhone.Deploy.0 = Debug|Any CPU
		{179F7734-027C-42D7-BB35-C6CBF1438097}.Ad-Hoc|iPhoneSimulator.ActiveCfg = Debug|Any CPU
		{179F7734-027C-42D7-BB35-C6CBF1438097}.Ad-Hoc|iPhoneSimulator.Build.0 = Debug|Any CPU
		{179F7734-027C-42D7-BB35-C6CBF1438097}.Ad-Hoc|iPhoneSimulator.Deploy.0 = Debug|Any CPU
		{179F7734-027C-42D7-BB35-C6CBF1438097}.AppStore|Any CPU.ActiveCfg = Debug|Any CPU
		{179F7734-027C-42D7-BB35-C6CBF1438097}.AppStore|Any CPU.Build.0 = Debug|Any CPU
		{179F7734-027C-42D7-BB35-C6CBF1438097}.AppStore|Any CPU.Deploy.0 = Debug|Any CPU
		{179F7734-027C-42D7-BB35-C6CBF1438097}.AppStore|iPhone.ActiveCfg = Debug|Any CPU
		{179F7734-027C-42D7-BB35-C6CBF1438097}.AppStore|iPhone.Build.0 = Debug|Any CPU
		{179F7734-027C-42D7-BB35-C6CBF1438097}.AppStore|iPhone.Deploy.0 = Debug|Any CPU
		{179F7734-027C-42D7-BB35-C6CBF1438097}.AppStore|iPhoneSimulator.ActiveCfg = Debug|Any CPU
		{179F7734-027C-42D7-BB35-C6CBF1438097}.AppStore|iPhoneSimulator.Build.0 = Debug|Any CPU
		{179F7734-027C-42D7-BB35-C6CBF1438097}.AppStore|iPhoneSimulator.Deploy.0 = Debug|Any CPU
		{179F7734-027C-42D7-BB35-C6CBF1438097}.Debug|Any CPU.ActiveCfg = Debug|Any CPU
		{179F7734-027C-42D7-BB35-C6CBF1438097}.Debug|Any CPU.Build.0 = Debug|Any CPU
		{179F7734-027C-42D7-BB35-C6CBF1438097}.Debug|Any CPU.Deploy.0 = Debug|Any CPU
		{179F7734-027C-42D7-BB35-C6CBF1438097}.Debug|iPhone.ActiveCfg = Debug|Any CPU
		{179F7734-027C-42D7-BB35-C6CBF1438097}.Debug|iPhone.Build.0 = Debug|Any CPU
		{179F7734-027C-42D7-BB35-C6CBF1438097}.Debug|iPhone.Deploy.0 = Debug|Any CPU
		{179F7734-027C-42D7-BB35-C6CBF1438097}.Debug|iPhoneSimulator.ActiveCfg = Debug|Any CPU
		{179F7734-027C-42D7-BB35-C6CBF1438097}.Debug|iPhoneSimulator.Build.0 = Debug|Any CPU
		{179F7734-027C-42D7-BB35-C6CBF1438097}.Debug|iPhoneSimulator.Deploy.0 = Debug|Any CPU
		{179F7734-027C-42D7-BB35-C6CBF1438097}.Release|Any CPU.ActiveCfg = Release|Any CPU
		{179F7734-027C-42D7-BB35-C6CBF1438097}.Release|Any CPU.Build.0 = Release|Any CPU
		{179F7734-027C-42D7-BB35-C6CBF1438097}.Release|Any CPU.Deploy.0 = Release|Any CPU
		{179F7734-027C-42D7-BB35-C6CBF1438097}.Release|iPhone.ActiveCfg = Release|Any CPU
		{179F7734-027C-42D7-BB35-C6CBF1438097}.Release|iPhone.Build.0 = Release|Any CPU
		{179F7734-027C-42D7-BB35-C6CBF1438097}.Release|iPhone.Deploy.0 = Release|Any CPU
		{179F7734-027C-42D7-BB35-C6CBF1438097}.Release|iPhoneSimulator.ActiveCfg = Release|Any CPU
		{179F7734-027C-42D7-BB35-C6CBF1438097}.Release|iPhoneSimulator.Build.0 = Release|Any CPU
		{179F7734-027C-42D7-BB35-C6CBF1438097}.Release|iPhoneSimulator.Deploy.0 = Release|Any CPU
		{DFBD2C52-DA0A-476E-A0DF-DADAEEBFBF4A}.Ad-Hoc|Any CPU.ActiveCfg = Release|Any CPU
		{DFBD2C52-DA0A-476E-A0DF-DADAEEBFBF4A}.Ad-Hoc|Any CPU.Build.0 = Release|Any CPU
		{DFBD2C52-DA0A-476E-A0DF-DADAEEBFBF4A}.Ad-Hoc|Any CPU.Deploy.0 = Release|Any CPU
		{DFBD2C52-DA0A-476E-A0DF-DADAEEBFBF4A}.Ad-Hoc|iPhone.ActiveCfg = Release|Any CPU
		{DFBD2C52-DA0A-476E-A0DF-DADAEEBFBF4A}.Ad-Hoc|iPhone.Build.0 = Release|Any CPU
		{DFBD2C52-DA0A-476E-A0DF-DADAEEBFBF4A}.Ad-Hoc|iPhone.Deploy.0 = Release|Any CPU
		{DFBD2C52-DA0A-476E-A0DF-DADAEEBFBF4A}.Ad-Hoc|iPhoneSimulator.ActiveCfg = Release|Any CPU
		{DFBD2C52-DA0A-476E-A0DF-DADAEEBFBF4A}.Ad-Hoc|iPhoneSimulator.Build.0 = Release|Any CPU
		{DFBD2C52-DA0A-476E-A0DF-DADAEEBFBF4A}.Ad-Hoc|iPhoneSimulator.Deploy.0 = Release|Any CPU
		{DFBD2C52-DA0A-476E-A0DF-DADAEEBFBF4A}.AppStore|Any CPU.ActiveCfg = Release|Any CPU
		{DFBD2C52-DA0A-476E-A0DF-DADAEEBFBF4A}.AppStore|Any CPU.Build.0 = Release|Any CPU
		{DFBD2C52-DA0A-476E-A0DF-DADAEEBFBF4A}.AppStore|Any CPU.Deploy.0 = Release|Any CPU
		{DFBD2C52-DA0A-476E-A0DF-DADAEEBFBF4A}.AppStore|iPhone.ActiveCfg = Release|Any CPU
		{DFBD2C52-DA0A-476E-A0DF-DADAEEBFBF4A}.AppStore|iPhone.Build.0 = Release|Any CPU
		{DFBD2C52-DA0A-476E-A0DF-DADAEEBFBF4A}.AppStore|iPhone.Deploy.0 = Release|Any CPU
		{DFBD2C52-DA0A-476E-A0DF-DADAEEBFBF4A}.AppStore|iPhoneSimulator.ActiveCfg = Release|Any CPU
		{DFBD2C52-DA0A-476E-A0DF-DADAEEBFBF4A}.AppStore|iPhoneSimulator.Build.0 = Release|Any CPU
		{DFBD2C52-DA0A-476E-A0DF-DADAEEBFBF4A}.AppStore|iPhoneSimulator.Deploy.0 = Release|Any CPU
		{DFBD2C52-DA0A-476E-A0DF-DADAEEBFBF4A}.Debug|Any CPU.ActiveCfg = Debug|Any CPU
		{DFBD2C52-DA0A-476E-A0DF-DADAEEBFBF4A}.Debug|Any CPU.Build.0 = Debug|Any CPU
		{DFBD2C52-DA0A-476E-A0DF-DADAEEBFBF4A}.Debug|Any CPU.Deploy.0 = Debug|Any CPU
		{DFBD2C52-DA0A-476E-A0DF-DADAEEBFBF4A}.Debug|iPhone.ActiveCfg = Debug|Any CPU
		{DFBD2C52-DA0A-476E-A0DF-DADAEEBFBF4A}.Debug|iPhone.Build.0 = Debug|Any CPU
		{DFBD2C52-DA0A-476E-A0DF-DADAEEBFBF4A}.Debug|iPhone.Deploy.0 = Debug|Any CPU
		{DFBD2C52-DA0A-476E-A0DF-DADAEEBFBF4A}.Debug|iPhoneSimulator.ActiveCfg = Debug|Any CPU
		{DFBD2C52-DA0A-476E-A0DF-DADAEEBFBF4A}.Debug|iPhoneSimulator.Build.0 = Debug|Any CPU
		{DFBD2C52-DA0A-476E-A0DF-DADAEEBFBF4A}.Debug|iPhoneSimulator.Deploy.0 = Debug|Any CPU
		{DFBD2C52-DA0A-476E-A0DF-DADAEEBFBF4A}.Release|Any CPU.ActiveCfg = Release|Any CPU
		{DFBD2C52-DA0A-476E-A0DF-DADAEEBFBF4A}.Release|Any CPU.Build.0 = Release|Any CPU
		{DFBD2C52-DA0A-476E-A0DF-DADAEEBFBF4A}.Release|Any CPU.Deploy.0 = Release|Any CPU
		{DFBD2C52-DA0A-476E-A0DF-DADAEEBFBF4A}.Release|iPhone.ActiveCfg = Release|Any CPU
		{DFBD2C52-DA0A-476E-A0DF-DADAEEBFBF4A}.Release|iPhone.Build.0 = Release|Any CPU
		{DFBD2C52-DA0A-476E-A0DF-DADAEEBFBF4A}.Release|iPhone.Deploy.0 = Release|Any CPU
		{DFBD2C52-DA0A-476E-A0DF-DADAEEBFBF4A}.Release|iPhoneSimulator.ActiveCfg = Release|Any CPU
		{DFBD2C52-DA0A-476E-A0DF-DADAEEBFBF4A}.Release|iPhoneSimulator.Build.0 = Release|Any CPU
		{DFBD2C52-DA0A-476E-A0DF-DADAEEBFBF4A}.Release|iPhoneSimulator.Deploy.0 = Release|Any CPU
		{CCADBC1F-6DB5-417C-A3D3-C630EF84079E}.Ad-Hoc|Any CPU.ActiveCfg = Ad-Hoc|iPhone
		{CCADBC1F-6DB5-417C-A3D3-C630EF84079E}.Ad-Hoc|iPhone.ActiveCfg = Ad-Hoc|iPhone
		{CCADBC1F-6DB5-417C-A3D3-C630EF84079E}.Ad-Hoc|iPhone.Build.0 = Ad-Hoc|iPhone
		{CCADBC1F-6DB5-417C-A3D3-C630EF84079E}.Ad-Hoc|iPhoneSimulator.ActiveCfg = Ad-Hoc|iPhoneSimulator
		{CCADBC1F-6DB5-417C-A3D3-C630EF84079E}.Ad-Hoc|iPhoneSimulator.Build.0 = Ad-Hoc|iPhoneSimulator
		{CCADBC1F-6DB5-417C-A3D3-C630EF84079E}.AppStore|Any CPU.ActiveCfg = AppStore|iPhone
		{CCADBC1F-6DB5-417C-A3D3-C630EF84079E}.AppStore|iPhone.ActiveCfg = AppStore|iPhone
		{CCADBC1F-6DB5-417C-A3D3-C630EF84079E}.AppStore|iPhone.Build.0 = AppStore|iPhone
		{CCADBC1F-6DB5-417C-A3D3-C630EF84079E}.AppStore|iPhoneSimulator.ActiveCfg = AppStore|iPhoneSimulator
		{CCADBC1F-6DB5-417C-A3D3-C630EF84079E}.AppStore|iPhoneSimulator.Build.0 = AppStore|iPhoneSimulator
		{CCADBC1F-6DB5-417C-A3D3-C630EF84079E}.Debug|Any CPU.ActiveCfg = Debug|iPhone
		{CCADBC1F-6DB5-417C-A3D3-C630EF84079E}.Debug|iPhone.ActiveCfg = Debug|iPhone
		{CCADBC1F-6DB5-417C-A3D3-C630EF84079E}.Debug|iPhone.Build.0 = Debug|iPhone
		{CCADBC1F-6DB5-417C-A3D3-C630EF84079E}.Debug|iPhoneSimulator.ActiveCfg = Debug|iPhoneSimulator
		{CCADBC1F-6DB5-417C-A3D3-C630EF84079E}.Debug|iPhoneSimulator.Build.0 = Debug|iPhoneSimulator
		{CCADBC1F-6DB5-417C-A3D3-C630EF84079E}.Release|Any CPU.ActiveCfg = Release|iPhone
		{CCADBC1F-6DB5-417C-A3D3-C630EF84079E}.Release|iPhone.ActiveCfg = Release|iPhone
		{CCADBC1F-6DB5-417C-A3D3-C630EF84079E}.Release|iPhone.Build.0 = Release|iPhone
		{CCADBC1F-6DB5-417C-A3D3-C630EF84079E}.Release|iPhoneSimulator.ActiveCfg = Release|iPhoneSimulator
		{CCADBC1F-6DB5-417C-A3D3-C630EF84079E}.Release|iPhoneSimulator.Build.0 = Release|iPhoneSimulator
		{D3B1D57F-353F-42F0-9625-9990A195BD0E}.Ad-Hoc|Any CPU.ActiveCfg = Debug|Any CPU
		{D3B1D57F-353F-42F0-9625-9990A195BD0E}.Ad-Hoc|Any CPU.Build.0 = Debug|Any CPU
		{D3B1D57F-353F-42F0-9625-9990A195BD0E}.Ad-Hoc|iPhone.ActiveCfg = Debug|Any CPU
		{D3B1D57F-353F-42F0-9625-9990A195BD0E}.Ad-Hoc|iPhone.Build.0 = Debug|Any CPU
		{D3B1D57F-353F-42F0-9625-9990A195BD0E}.Ad-Hoc|iPhoneSimulator.ActiveCfg = Debug|Any CPU
		{D3B1D57F-353F-42F0-9625-9990A195BD0E}.Ad-Hoc|iPhoneSimulator.Build.0 = Debug|Any CPU
		{D3B1D57F-353F-42F0-9625-9990A195BD0E}.AppStore|Any CPU.ActiveCfg = Debug|Any CPU
		{D3B1D57F-353F-42F0-9625-9990A195BD0E}.AppStore|Any CPU.Build.0 = Debug|Any CPU
		{D3B1D57F-353F-42F0-9625-9990A195BD0E}.AppStore|iPhone.ActiveCfg = Debug|Any CPU
		{D3B1D57F-353F-42F0-9625-9990A195BD0E}.AppStore|iPhone.Build.0 = Debug|Any CPU
		{D3B1D57F-353F-42F0-9625-9990A195BD0E}.AppStore|iPhoneSimulator.ActiveCfg = Debug|Any CPU
		{D3B1D57F-353F-42F0-9625-9990A195BD0E}.AppStore|iPhoneSimulator.Build.0 = Debug|Any CPU
		{D3B1D57F-353F-42F0-9625-9990A195BD0E}.Debug|Any CPU.ActiveCfg = Debug|Any CPU
		{D3B1D57F-353F-42F0-9625-9990A195BD0E}.Debug|Any CPU.Build.0 = Debug|Any CPU
		{D3B1D57F-353F-42F0-9625-9990A195BD0E}.Debug|iPhone.ActiveCfg = Debug|Any CPU
		{D3B1D57F-353F-42F0-9625-9990A195BD0E}.Debug|iPhone.Build.0 = Debug|Any CPU
		{D3B1D57F-353F-42F0-9625-9990A195BD0E}.Debug|iPhoneSimulator.ActiveCfg = Debug|Any CPU
		{D3B1D57F-353F-42F0-9625-9990A195BD0E}.Debug|iPhoneSimulator.Build.0 = Debug|Any CPU
		{D3B1D57F-353F-42F0-9625-9990A195BD0E}.Release|Any CPU.ActiveCfg = Release|Any CPU
		{D3B1D57F-353F-42F0-9625-9990A195BD0E}.Release|Any CPU.Build.0 = Release|Any CPU
		{D3B1D57F-353F-42F0-9625-9990A195BD0E}.Release|iPhone.ActiveCfg = Release|Any CPU
		{D3B1D57F-353F-42F0-9625-9990A195BD0E}.Release|iPhone.Build.0 = Release|Any CPU
		{D3B1D57F-353F-42F0-9625-9990A195BD0E}.Release|iPhoneSimulator.ActiveCfg = Release|Any CPU
		{D3B1D57F-353F-42F0-9625-9990A195BD0E}.Release|iPhoneSimulator.Build.0 = Release|Any CPU
	EndGlobalSection
	GlobalSection(SolutionProperties) = preSolution
		HideSolutionNode = FALSE
	EndGlobalSection
	GlobalSection(NestedProjects) = preSolution
		{CD4ECFBC-46FB-46D0-9731-07258AC3C453} = {907B8394-60F3-429E-909A-9B1DCC5A826D}
		{8EA1115E-0049-468C-91B3-B90C43DA52C0} = {907B8394-60F3-429E-909A-9B1DCC5A826D}
		{179F7734-027C-42D7-BB35-C6CBF1438097} = {907B8394-60F3-429E-909A-9B1DCC5A826D}
		{DFBD2C52-DA0A-476E-A0DF-DADAEEBFBF4A} = {5899D963-7B15-4BD7-9378-B2BFD481DEDD}
		{CCADBC1F-6DB5-417C-A3D3-C630EF84079E} = {5899D963-7B15-4BD7-9378-B2BFD481DEDD}
		{D3B1D57F-353F-42F0-9625-9990A195BD0E} = {5899D963-7B15-4BD7-9378-B2BFD481DEDD}
	EndGlobalSection
	GlobalSection(ExtensibilityGlobals) = postSolution
		SolutionGuid = {305EB726-35AB-492C-8B2A-2B8EEB2E266E}
	EndGlobalSection
EndGlobal
